
Microsoft Visual Studio Solution File, Format Version 12.00
# Visual Studio 2013
VisualStudioVersion = 12.0.40629.0
MinimumVisualStudioVersion = 10.0.40219.1
Project("{FAE04EC0-301F-11D3-BF4B-00C04F79EFBC}") = "SmartSpaceWeb", "SmartSpaceWeb\SmartSpaceWeb.csproj", "{3ACE7EBB-9773-45B9-B8D8-8478488FAB58}"
EndProject
Project("{2150E333-8FDC-42A3-9474-1A3956D46DE8}") = "PublishScripts", "PublishScripts", "{82C759F6-2DB1-4E35-ABC0-B50186A9FDEC}"
EndProject
Project("{2150E333-8FDC-42A3-9474-1A3956D46DE8}") = "Scripts", "Scripts", "{2644AA49-3894-4E95-97DC-453A1315A056}"
	ProjectSection(SolutionItems) = preProject
		PublishScripts\Scripts\Deploy-AzureResourceGroup.ps1 = PublishScripts\Scripts\Deploy-AzureResourceGroup.ps1
	EndProjectSection
EndProject
Project("{2150E333-8FDC-42A3-9474-1A3956D46DE8}") = "Templates", "Templates", "{5AD05069-7B87-45A3-B2C0-90FE7C2B9B20}"
	ProjectSection(SolutionItems) = preProject
		PublishScripts\Templates\SmartSpaceWeb.json = PublishScripts\Templates\SmartSpaceWeb.json
		PublishScripts\Templates\SmartSpaceWeb.param.dev.json = PublishScripts\Templates\SmartSpaceWeb.param.dev.json
	EndProjectSection
EndProject
Global
	GlobalSection(SolutionConfigurationPlatforms) = preSolution
		Debug|Any CPU = Debug|Any CPU
		Release|Any CPU = Release|Any CPU
	EndGlobalSection
	GlobalSection(ProjectConfigurationPlatforms) = postSolution
		{3ACE7EBB-9773-45B9-B8D8-8478488FAB58}.Debug|Any CPU.ActiveCfg = Debug|Any CPU
		{3ACE7EBB-9773-45B9-B8D8-8478488FAB58}.Debug|Any CPU.Build.0 = Debug|Any CPU
		{3ACE7EBB-9773-45B9-B8D8-8478488FAB58}.Release|Any CPU.ActiveCfg = Release|Any CPU
		{3ACE7EBB-9773-45B9-B8D8-8478488FAB58}.Release|Any CPU.Build.0 = Release|Any CPU
	EndGlobalSection
	GlobalSection(SolutionProperties) = preSolution
		HideSolutionNode = FALSE
	EndGlobalSection
	GlobalSection(NestedProjects) = preSolution
		{2644AA49-3894-4E95-97DC-453A1315A056} = {82C759F6-2DB1-4E35-ABC0-B50186A9FDEC}
		{5AD05069-7B87-45A3-B2C0-90FE7C2B9B20} = {82C759F6-2DB1-4E35-ABC0-B50186A9FDEC}
	EndGlobalSection
EndGlobal
